// !$*UTF8*$!
{
	archiveVersion = 1;
	classes = {
	};
	objectVersion = 50;
	objects = {

/* Begin PBXBuildFile section */
		7A39A92624E7CA340062B18D /* AppDelegate.m in Sources */ = {isa = PBXBuildFile; fileRef = 7A39A92524E7CA340062B18D /* AppDelegate.m */; };
		7A39A92924E7CA340062B18D /* ViewController.m in Sources */ = {isa = PBXBuildFile; fileRef = 7A39A92824E7CA340062B18D /* ViewController.m */; };
		7A39A92C24E7CA340062B18D /* Main.storyboard in Resources */ = {isa = PBXBuildFile; fileRef = 7A39A92A24E7CA340062B18D /* Main.storyboard */; };
		7A39A92E24E7CA350062B18D /* Assets.xcassets in Resources */ = {isa = PBXBuildFile; fileRef = 7A39A92D24E7CA350062B18D /* Assets.xcassets */; };
		7A39A93124E7CA350062B18D /* LaunchScreen.storyboard in Resources */ = {isa = PBXBuildFile; fileRef = 7A39A92F24E7CA350062B18D /* LaunchScreen.storyboard */; };
		7A39A93424E7CA350062B18D /* main.m in Sources */ = {isa = PBXBuildFile; fileRef = 7A39A93324E7CA350062B18D /* main.m */; };
/* End PBXBuildFile section */

/* Begin PBXFileReference section */
		7A39A92124E7CA340062B18D /* UIView动画.app */ = {isa = PBXFileReference; explicitFileType = wrapper.application; includeInIndex = 0; path = "UIView动画.app"; sourceTree = BUILT_PRODUCTS_DIR; };
		7A39A92424E7CA340062B18D /* AppDelegate.h */ = {isa = PBXFileReference; lastKnownFileType = sourcecode.c.h; path = AppDelegate.h; sourceTree = "<group>"; };
		7A39A92524E7CA340062B18D /* AppDelegate.m */ = {isa = PBXFileReference; lastKnownFileType = sourcecode.c.objc; path = AppDelegate.m; sourceTree = "<group>"; };
		7A39A92724E7CA340062B18D /* ViewController.h */ = {isa = PBXFileReference; lastKnownFileType = sourcecode.c.h; path = ViewController.h; sourceTree = "<group>"; };
		7A39A92824E7CA340062B18D /* ViewController.m */ = {isa = PBXFileReference; lastKnownFileType = sourcecode.c.objc; path = ViewController.m; sourceTree = "<group>"; };
		7A39A92B24E7CA340062B18D /* Base */ = {isa = PBXFileReference; lastKnownFileType = file.storyboard; name = Base; path = Base.lproj/Main.storyboard; sourceTree = "<group>"; };
		7A39A92D24E7CA350062B18D /* Assets.xcassets */ = {isa = PBXFileReference; lastKnownFileType = folder.assetcatalog; path = Assets.xcassets; sourceTree = "<group>"; };
		7A39A93024E7CA350062B18D /* Base */ = {isa = PBXFileReference; lastKnownFileType = file.storyboard; name = Base; path = Base.lproj/LaunchScreen.storyboard; sourceTree = "<group>"; };
		7A39A93224E7CA350062B18D /* Info.plist */ = {isa = PBXFileReference; lastKnownFileType = text.plist.xml; path = Info.plist; sourceTree = "<group>"; };
		7A39A93324E7CA350062B18D /* main.m */ = {isa = PBXFileReference; lastKnownFileType = sourcecode.c.objc; path = main.m; sourceTree = "<group>"; };
/* End PBXFileReference section */

/* Begin PBXFrameworksBuildPhase section */
		7A39A91E24E7CA340062B18D /* Frameworks */ = {
			isa = PBXFrameworksBuildPhase;
			buildActionMask = 2147483647;
			files = (
			);
			runOnlyForDeploymentPostprocessing = 0;
		};
/* End PBXFrameworksBuildPhase section */

/* Begin PBXGroup section */
		7A39A91824E7CA340062B18D = {
			isa = PBXGroup;
			children = (
				7A39A92324E7CA340062B18D /* UIView动画 */,
				7A39A92224E7CA340062B18D /* Products */,
			);
			sourceTree = "<group>";
		};
		7A39A92224E7CA340062B18D /* Products */ = {
			isa = PBXGroup;
			children = (
				7A39A92124E7CA340062B18D /* UIView动画.app */,
			);
			name = Products;
			sourceTree = "<group>";
		};
		7A39A92324E7CA340062B18D /* UIView动画 */ = {
			isa = PBXGroup;
			children = (
				7A39A92424E7CA340062B18D /* AppDelegate.h */,
				7A39A92524E7CA340062B18D /* AppDelegate.m */,
				7A39A92724E7CA340062B18D /* ViewController.h */,
				7A39A92824E7CA340062B18D /* ViewController.m */,
				7A39A92A24E7CA340062B18D /* Main.storyboard */,
				7A39A92D24E7CA350062B18D /* Assets.xcassets */,
				7A39A92F24E7CA350062B18D /* LaunchScreen.storyboard */,
				7A39A93224E7CA350062B18D /* Info.plist */,
				7A39A93324E7CA350062B18D /* main.m */,
			);
			path = "UIView动画";
			sourceTree = "<group>";
		};
/* End PBXGroup section */

/* Begin PBXNativeTarget section */
		7A39A92024E7CA340062B18D /* UIView动画 */ = {
			isa = PBXNativeTarget;
			buildConfigurationList = 7A39A93724E7CA350062B18D /* Build configuration list for PBXNativeTarget "UIView动画" */;
			buildPhases = (
				7A39A91D24E7CA340062B18D /* Sources */,
				7A39A91E24E7CA340062B18D /* Frameworks */,
				7A39A91F24E7CA340062B18D /* Resources */,
			);
			buildRules = (
			);
			dependencies = (
			);
			name = "UIView动画";
			productName = "UIView动画";
			productReference = 7A39A92124E7CA340062B18D /* UIView动画.app */;
			productType = "com.apple.product-type.application";
		};
/* End PBXNativeTarget section */

/* Begin PBXProject section */
		7A39A91924E7CA340062B18D /* Project object */ = {
			isa = PBXProject;
			attributes = {
				LastUpgradeCheck = 1000;
				ORGANIZATIONNAME = "小天才";
				TargetAttributes = {
					7A39A92024E7CA340062B18D = {
						CreatedOnToolsVersion = 10.0;
					};
				};
			};
			buildConfigurationList = 7A39A91C24E7CA340062B18D /* Build configuration list for PBXProject "UIView动画" */;
			compatibilityVersion = "Xcode 9.3";
			developmentRegion = en;
			hasScannedForEncodings = 0;
			knownRegions = (
				en,
				Base,
			);
			mainGroup = 7A39A91824E7CA340062B18D;
			productRefGroup = 7A39A92224E7CA340062B18D /* Products */;
			projectDirPath = "";
			projectRoot = "";
			targets = (
				7A39A92024E7CA340062B18D /* UIView动画 */,
			);
		};
/* End PBXProject section */

/* Begin PBXResourcesBuildPhase section */
		7A39A91F24E7CA340062B18D /* Resources */ = {
			isa = PBXResourcesBuildPhase;
			buildActionMask = 2147483647;
			files = (
				7A39A93124E7CA350062B18D /* LaunchScreen.storyboard in Resources */,
				7A39A92E24E7CA350062B18D /* Assets.xcassets in Resources */,
				7A39A92C24E7CA340062B18D /* Main.storyboard in Resources */,
			);
			runOnlyForDeploymentPostprocessing = 0;
		};
/* End PBXResourcesBuildPhase section */

/* Begin PBXSourcesBuildPhase section */
		7A39A91D24E7CA340062B18D /* Sources */ = {
			isa = PBXSourcesBuildPhase;
			buildActionMask = 2147483647;
			files = (
				7A39A92924E7CA340062B18D /* ViewController.m in Sources */,
				7A39A93424E7CA350062B18D /* main.m in Sources */,
				7A39A92624E7CA340062B18D /* AppDelegate.m in Sources */,
			);
			runOnlyForDeploymentPostprocessing = 0;
		};
/* End PBXSourcesBuildPhase section */

/* Begin PBXVariantGroup section */
		7A39A92A24E7CA340062B18D /* Main.storyboard */ = {
			isa = PBXVariantGroup;
			children = (
				7A39A92B24E7CA340062B18D /* Base */,
			);
			name = Main.storyboard;
			sourceTree = "<group>";
		};
		7A39A92F24E7CA350062B18D /* LaunchScreen.storyboard */ = {
			isa = PBXVariantGroup;
			children = (
				7A39A93024E7CA350062B18D /* Base */,
			);
			name = LaunchScreen.storyboard;
			sourceTree = "<group>";
		};
/* End PBXVariantGroup section */

/* Begin XCBuildConfiguration section */
		7A39A93524E7CA350062B18D /* Debug */ = {
			isa = XCBuildConfiguration;
			buildSettings = {
				ALWAYS_SEARCH_USER_PATHS = NO;
				CLANG_ANALYZER_NONNULL = YES;
				CLANG_ANALYZER_NUMBER_OBJECT_CONVERSION = YES_AGGRESSIVE;
				CLANG_CXX_LANGUAGE_STANDARD = "gnu++14";
				CLANG_CXX_LIBRARY = "libc++";
				CLANG_ENABLE_MODULES = YES;
				CLANG_ENABLE_OBJC_ARC = YES;
				CLANG_ENABLE_OBJC_WEAK = YES;
				CLANG_WARN_BLOCK_CAPTURE_AUTORELEASING = YES;
				CLANG_WARN_BOOL_CONVERSION = YES;
				CLANG_WARN_COMMA = YES;
				CLANG_WARN_CONSTANT_CONVERSION = YES;
				CLANG_WARN_DEPRECATED_OBJC_IMPLEMENTATIONS = YES;
				CLANG_WARN_DIRECT_OBJC_ISA_USAGE = YES_ERROR;
				CLANG_WARN_DOCUMENTATION_COMMENTS = YES;
				CLANG_WARN_EMPTY_BODY = YES;
				CLANG_WARN_ENUM_CONVERSION = YES;
				CLANG_WARN_INFINITE_RECURSION = YES;
				CLANG_WARN_INT_CONVERSION = YES;
				CLANG_WARN_NON_LITERAL_NULL_CONVERSION = YES;
				CLANG_WARN_OBJC_IMPLICIT_RETAIN_SELF = YES;
				CLANG_WARN_OBJC_LITERAL_CONVERSION = YES;
				CLANG_WARN_OBJC_ROOT_CLASS = YES_ERROR;
				CLANG_WARN_RANGE_LOOP_ANALYSIS = YES;
				CLANG_WARN_STRICT_PROTOTYPES = YES;
				CLANG_WARN_SUSPICIOUS_MOVE = YES;
				CLANG_WARN_UNGUARDED_AVAILABILITY = YES_AGGRESSIVE;
				CLANG_WARN_UNREACHABLE_CODE = YES;
				CLANG_WARN__DUPLICATE_METHOD_MATCH = YES;
				CODE_SIGN_IDENTITY = "iPhone Developer";
				COPY_PHASE_STRIP = NO;
				DEBUG_INFORMATION_FORMAT = dwarf;
				ENABLE_STRICT_OBJC_MSGSEND = YES;
				ENABLE_TESTABILITY = YES;
				GCC_C_LANGUAGE_STANDARD = gnu11;
				GCC_DYNAMIC_NO_PIC = NO;
				GCC_NO_COMMON_BLOCKS = YES;
				GCC_OPTIMIZATION_LEVEL = 0;
				GCC_PREPROCESSOR_DEFINITIONS = (
					"DEBUG=1",
					"$(inherited)",
				);
				GCC_WARN_64_TO_32_BIT_CONVERSION = YES;
				GCC_WARN_ABOUT_RETURN_TYPE = YES_ERROR;
				GCC_WARN_UNDECLARED_SELECTOR = YES;
				GCC_WARN_UNINITIALIZED_AUTOS = YES_AGGRESSIVE;
				GCC_WARN_UNUSED_FUNCTION = YES;
				GCC_WARN_UNUSED_VARIABLE = YES;
				IPHONEOS_DEPLOYMENT_TARGET = 12.0;
				MTL_ENABLE_DEBUG_INFO = INCLUDE_SOURCE;
				MTL_FAST_MATH = YES;
				ONLY_ACTIVE_ARCH = YES;
				SDKROOT = iphoneos;
			};
			name = Debug;
		};
		7A39A93624E7CA350062B18D /* Release */ = {
			isa = XCBuildConfiguration;
			buildSettings = {
				ALWAYS_SEARCH_USER_PATHS = NO;
				CLANG_ANALYZER_NONNULL = YES;
				CLANG_ANALYZER_NUMBER_OBJECT_CONVERSION = YES_AGGRESSIVE;
				CLANG_CXX_LANGUAGE_STANDARD = "gnu++14";
				CLANG_CXX_LIBRARY = "libc++";
				CLANG_ENABLE_MODULES = YES;
				CLANG_ENABLE_OBJC_ARC = YES;
				CLANG_ENABLE_OBJC_WEAK = YES;
				CLANG_WARN_BLOCK_CAPTURE_AUTORELEASING = YES;
				CLANG_WARN_BOOL_CONVERSION = YES;
				CLANG_WARN_COMMA = YES;
				CLANG_WARN_CONSTANT_CONVERSION = YES;
				CLANG_WARN_DEPRECATED_OBJC_IMPLEMENTATIONS = YES;
				CLANG_WARN_DIRECT_OBJC_ISA_USAGE = YES_ERROR;
				CLANG_WARN_DOCUMENTATION_COMMENTS = YES;
				CLANG_WARN_EMPTY_BODY = YES;
				CLANG_WARN_ENUM_CONVERSION = YES;
				CLANG_WARN_INFINITE_RECURSION = YES;
				CLANG_WARN_INT_CONVERSION = YES;
				CLANG_WARN_NON_LITERAL_NULL_CONVERSION = YES;
				CLANG_WARN_OBJC_IMPLICIT_RETAIN_SELF = YES;
				CLANG_WARN_OBJC_LITERAL_CONVERSION = YES;
				CLANG_WARN_OBJC_ROOT_CLASS = YES_ERROR;
				CLANG_WARN_RANGE_LOOP_ANALYSIS = YES;
				CLANG_WARN_STRICT_PROTOTYPES = YES;
				CLANG_WARN_SUSPICIOUS_MOVE = YES;
				CLANG_WARN_UNGUARDED_AVAILABILITY = YES_AGGRESSIVE;
				CLANG_WARN_UNREACHABLE_CODE = YES;
				CLANG_WARN__DUPLICATE_METHOD_MATCH = YES;
				CODE_SIGN_IDENTITY = "iPhone Developer";
				COPY_PHASE_STRIP = NO;
				DEBUG_INFORMATION_FORMAT = "dwarf-with-dsym";
				ENABLE_NS_ASSERTIONS = NO;
				ENABLE_STRICT_OBJC_MSGSEND = YES;
				GCC_C_LANGUAGE_STANDARD = gnu11;
				GCC_NO_COMMON_BLOCKS = YES;
				GCC_WARN_64_TO_32_BIT_CONVERSION = YES;
				GCC_WARN_ABOUT_RETURN_TYPE = YES_ERROR;
				GCC_WARN_UNDECLARED_SELECTOR = YES;
				GCC_WARN_UNINITIALIZED_AUTOS = YES_AGGRESSIVE;
				GCC_WARN_UNUSED_FUNCTION = YES;
				GCC_WARN_UNUSED_VARIABLE = YES;
				IPHONEOS_DEPLOYMENT_TARGET = 12.0;
				MTL_ENABLE_DEBUG_INFO = NO;
				MTL_FAST_MATH = YES;
				SDKROOT = iphoneos;
				VALIDATE_PRODUCT = YES;
			};
			name = Release;
		};
		7A39A93824E7CA350062B18D /* Debug */ = {
			isa = XCBuildConfiguration;
			buildSettings = {
				ASSETCATALOG_COMPILER_APPICON_NAME = AppIcon;
				CODE_SIGN_STYLE = Automatic;
				DEVELOPMENT_TEAM = S375G6GV3V;
				INFOPLIST_FILE = "UIView动画/Info.plist";
				LD_RUNPATH_SEARCH_PATHS = (
					"$(inherited)",
					"@executable_path/Frameworks",
				);
				PRODUCT_BUNDLE_IDENTIFIER = "littlegenius.UIView--";
				PRODUCT_NAME = "$(TARGET_NAME)";
				TARGETED_DEVICE_FAMILY = "1,2";
			};
			name = Debug;
		};
		7A39A93924E7CA350062B18D /* Release */ = {
			isa = XCBuildConfiguration;
			buildSettings = {
				ASSETCATALOG_COMPILER_APPICON_NAME = AppIcon;
				CODE_SIGN_STYLE = Automatic;
				DEVELOPMENT_TEAM = S375G6GV3V;
				INFOPLIST_FILE = "UIView动画/Info.plist";
				LD_RUNPATH_SEARCH_PATHS = (
					"$(inherited)",
					"@executable_path/Frameworks",
				);
				PRODUCT_BUNDLE_IDENTIFIER = "littlegenius.UIView--";
				PRODUCT_NAME = "$(TARGET_NAME)";
				TARGETED_DEVICE_FAMILY = "1,2";
			};
			name = Release;
		};
/* End XCBuildConfiguration section */

/* Begin XCConfigurationList section */
		7A39A91C24E7CA340062B18D /* Build configuration list for PBXProject "UIView动画" */ = {
			isa = XCConfigurationList;
			buildConfigurations = (
				7A39A93524E7CA350062B18D /* Debug */,
				7A39A93624E7CA350062B18D /* Release */,
			);
			defaultConfigurationIsVisible = 0;
			defaultConfigurationName = Release;
		};
		7A39A93724E7CA350062B18D /* Build configuration list for PBXNativeTarget "UIView动画" */ = {
			isa = XCConfigurationList;
			buildConfigurations = (
				7A39A93824E7CA350062B18D /* Debug */,
				7A39A93924E7CA350062B18D /* Release */,
			);
			defaultConfigurationIsVisible = 0;
			defaultConfigurationName = Release;
		};
/* End XCConfigurationList section */
	};
	rootObject = 7A39A91924E7CA340062B18D /* Project object */;
}
